
Microsoft Visual Studio Solution File, Format Version 12.00
# Visual Studio Version 16
VisualStudioVersion = 16.0.30114.105
MinimumVisualStudioVersion = 10.0.40219.1
Project("{FAE04EC0-301F-11D3-BF4B-00C04F79EFBC}") = "Crypto.Core", "Crypto.Core\Crypto.Core.csproj", "{EF0295AB-666C-4FD2-A603-86FFA0C594D6}"
EndProject
Project("{FAE04EC0-301F-11D3-BF4B-00C04F79EFBC}") = "crypto", "Crypto.Cli\crypto.csproj", "{102EC37C-26F7-4E2E-888B-47EA925D37F1}"
EndProject
Global
	GlobalSection(SolutionConfigurationPlatforms) = preSolution
		Debug|Any CPU = Debug|Any CPU
		Release|Any CPU = Release|Any CPU
	EndGlobalSection
	GlobalSection(SolutionProperties) = preSolution
		HideSolutionNode = FALSE
	EndGlobalSection
	GlobalSection(ProjectConfigurationPlatforms) = postSolution
		{EF0295AB-666C-4FD2-A603-86FFA0C594D6}.Debug|Any CPU.ActiveCfg = Debug|Any CPU
		{EF0295AB-666C-4FD2-A603-86FFA0C594D6}.Debug|Any CPU.Build.0 = Debug|Any CPU
		{EF0295AB-666C-4FD2-A603-86FFA0C594D6}.Release|Any CPU.ActiveCfg = Release|Any CPU
		{EF0295AB-666C-4FD2-A603-86FFA0C594D6}.Release|Any CPU.Build.0 = Release|Any CPU
		{A0504DA2-A263-4730-B791-824F95F8D29B}.Debug|Any CPU.ActiveCfg = Debug|Any CPU
		{A0504DA2-A263-4730-B791-824F95F8D29B}.Debug|Any CPU.Build.0 = Debug|Any CPU
		{A0504DA2-A263-4730-B791-824F95F8D29B}.Release|Any CPU.ActiveCfg = Release|Any CPU
		{A0504DA2-A263-4730-B791-824F95F8D29B}.Release|Any CPU.Build.0 = Release|Any CPU
		{102EC37C-26F7-4E2E-888B-47EA925D37F1}.Debug|Any CPU.ActiveCfg = Debug|Any CPU
		{102EC37C-26F7-4E2E-888B-47EA925D37F1}.Debug|Any CPU.Build.0 = Debug|Any CPU
		{102EC37C-26F7-4E2E-888B-47EA925D37F1}.Release|Any CPU.ActiveCfg = Release|Any CPU
		{102EC37C-26F7-4E2E-888B-47EA925D37F1}.Release|Any CPU.Build.0 = Release|Any CPU
	EndGlobalSection
EndGlobal
